
Microsoft Visual Studio Solution File, Format Version 12.00
# Visual Studio 14
VisualStudioVersion = 14.0.24720.0
MinimumVisualStudioVersion = 10.0.40219.1
Project("{2150E333-8FDC-42A3-9474-1A3956D46DE8}") = "src", "src", "{65038545-6D80-4CBF-8CF0-DB4C8FDA730E}"
EndProject
Project("{2150E333-8FDC-42A3-9474-1A3956D46DE8}") = "Solution Items", "Solution Items", "{6EFDEF88-1B99-4733-A2DA-C44F0A3F9E62}"
	ProjectSection(SolutionItems) = preProject
		global.json = global.json
	EndProjectSection
EndProject
Project("{8BB2217D-0F2D-49D1-97BC-3654ED321F3B}") = "FASAB_UR", "src\FASAB_UR\FASAB_UR.xproj", "{A6C07E9A-1EAF-498B-98E8-207595BA8679}"
EndProject
Global
	GlobalSection(SolutionConfigurationPlatforms) = preSolution
		Debug|Any CPU = Debug|Any CPU
		Release|Any CPU = Release|Any CPU
	EndGlobalSection
	GlobalSection(ProjectConfigurationPlatforms) = postSolution
		{A6C07E9A-1EAF-498B-98E8-207595BA8679}.Debug|Any CPU.ActiveCfg = Debug|Any CPU
		{A6C07E9A-1EAF-498B-98E8-207595BA8679}.Debug|Any CPU.Build.0 = Debug|Any CPU
		{A6C07E9A-1EAF-498B-98E8-207595BA8679}.Release|Any CPU.ActiveCfg = Release|Any CPU
		{A6C07E9A-1EAF-498B-98E8-207595BA8679}.Release|Any CPU.Build.0 = Release|Any CPU
	EndGlobalSection
	GlobalSection(SolutionProperties) = preSolution
		HideSolutionNode = FALSE
	EndGlobalSection
	GlobalSection(NestedProjects) = preSolution
		{A6C07E9A-1EAF-498B-98E8-207595BA8679} = {65038545-6D80-4CBF-8CF0-DB4C8FDA730E}
	EndGlobalSection
EndGlobal
